
Microsoft Visual Studio Solution File, Format Version 12.00
# Visual Studio 14
VisualStudioVersion = 14.0.25123.0
MinimumVisualStudioVersion = 10.0.40219.1
Project("{FE9E28E2-2DAF-4CCD-A130-FAC0F561D1BC}") = "Sitecore.Support.412155", "Sitecore.Support.412155\Sitecore.Support.412155.csproj", "{6E37FFA5-CF23-4702-BEDF-851AAF679C42}"
EndProject
Global
	GlobalSection(SolutionConfigurationPlatforms) = preSolution
		Debug|Any CPU = Debug|Any CPU
		Release|Any CPU = Release|Any CPU
	EndGlobalSection
	GlobalSection(ProjectConfigurationPlatforms) = postSolution
		{6E37FFA5-CF23-4702-BEDF-851AAF679C42}.Debug|Any CPU.ActiveCfg = Debug|Any CPU
		{6E37FFA5-CF23-4702-BEDF-851AAF679C42}.Debug|Any CPU.Build.0 = Debug|Any CPU
		{6E37FFA5-CF23-4702-BEDF-851AAF679C42}.Release|Any CPU.ActiveCfg = Release|Any CPU
		{6E37FFA5-CF23-4702-BEDF-851AAF679C42}.Release|Any CPU.Build.0 = Release|Any CPU
	EndGlobalSection
	GlobalSection(SolutionProperties) = preSolution
		HideSolutionNode = FALSE
	EndGlobalSection
EndGlobal
